// This lockfile was autogenerated by Pants. To regenerate, run:
//
//    ./pants generate-lockfiles --resolve=mypy-extra-type-stubs
//
// --- BEGIN PANTS LOCKFILE METADATA: DO NOT EDIT OR REMOVE ---
// {
//   "version": 3,
//   "valid_for_interpreter_constraints": [
//     "CPython>=3.8"
//   ],
//   "generated_with_requirements": [
//     "types-PyYAML",
//     "types-requests"
//   ],
//   "manylinux": "manylinux2014",
//   "requirement_constraints": [],
//   "only_binary": [],
//   "no_binary": []
// }
// --- END PANTS LOCKFILE METADATA ---

{
  "allow_builds": true,
  "allow_prereleases": false,
  "allow_wheels": true,
  "build_isolation": true,
  "constraints": [],
  "locked_resolves": [
    {
      "locked_requirements": [
        {
          "artifacts": [
            {
              "algorithm": "sha256",
              "hash": "5aed5aa66bd2d2e158f75dda22b059570ede988559f030cf294871d3b647e3e8",
              "url": "https://files.pythonhosted.org/packages/88/93/a98be346729157d9f085fd68e58fcbba823188829ac8488a9d7f12614e53/types_PyYAML-6.0.12.9-py3-none-any.whl"
            },
            {
              "algorithm": "sha256",
              "hash": "c51b1bd6d99ddf0aa2884a7a328810ebf70a4262c292195d3f4f9a0005f9eeb6",
              "url": "https://files.pythonhosted.org/packages/05/6f/f19081de5ba81864f89e354560a60637822f7d6d54d9a2a907785e9b5cc4/types-PyYAML-6.0.12.9.tar.gz"
            }
          ],
          "project_name": "types-pyyaml",
          "requires_dists": [],
          "requires_python": null,
          "version": "6.0.12.9"
        },
        {
          "artifacts": [
            {
              "algorithm": "sha256",
              "hash": "c6cf08e120ca9f0dc4fa4e32c3f953c3fba222bcc1db6b97695bce8da1ba9864",
              "url": "https://files.pythonhosted.org/packages/fa/c7/024171d587afe75934a6f779922d24fcc6dd468e947c74598eb17840e229/types_requests-2.30.0.0-py3-none-any.whl"
            },
            {
              "algorithm": "sha256",
              "hash": "dec781054324a70ba64430ae9e62e7e9c8e4618c185a5cb3f87a6738251b5a31",
              "url": "https://files.pythonhosted.org/packages/3b/a7/7d6dab83a48eff91ff75e21b2aaefd7419a29d5b1b1b8025d4a78ade0017/types-requests-2.30.0.0.tar.gz"
            }
          ],
          "project_name": "types-requests",
          "requires_dists": [
            "types-urllib3"
          ],
          "requires_python": null,
          "version": "2.30.0.0"
        },
        {
          "artifacts": [
            {
              "algorithm": "sha256",
              "hash": "5dbd1d2bef14efee43f5318b5d36d805a489f6600252bb53626d4bfafd95e27c",
              "url": "https://files.pythonhosted.org/packages/08/6d/98b51f9776747e1e270919aa02298ce6a7d2d4d78a3349b47666deb61c4c/types_urllib3-1.26.25.13-py3-none-any.whl"
            },
            {
              "algorithm": "sha256",
              "hash": "3300538c9dc11dad32eae4827ac313f5d986b8b21494801f1bf97a1ac6c03ae5",
              "url": "https://files.pythonhosted.org/packages/27/2a/cb418a2a03a31b8e0daea5e13edcc4ef1408ebb457f2cc833f1c3f30a0fa/types-urllib3-1.26.25.13.tar.gz"
            }
          ],
          "project_name": "types-urllib3",
          "requires_dists": [],
          "requires_python": null,
          "version": "1.26.25.13"
        }
      ],
      "platform_tag": null
    }
  ],
  "path_mappings": {},
  "pex_version": "2.1.134",
  "pip_version": "20.3.4-patched",
  "prefer_older_binary": false,
  "requirements": [
    "types-PyYAML",
    "types-requests"
  ],
  "requires_python": [
    ">=3.8"
  ],
  "resolver_version": "pip-2020-resolver",
  "style": "universal",
  "target_systems": [
    "linux",
    "mac"
  ],
  "transitive": true,
  "use_pep517": null
}
