// This lockfile was autogenerated by Pants. To regenerate, run:
//
//    pants generate-lockfiles --resolve=mypy
//
// --- BEGIN PANTS LOCKFILE METADATA: DO NOT EDIT OR REMOVE ---
// {
//   "version": 3,
//   "valid_for_interpreter_constraints": [
//     "CPython>=3.8"
//   ],
//   "generated_with_requirements": [
//     "mypy>=1.5.0",
//     "types-PyYAML",
//     "types-requests"
//   ],
//   "manylinux": "manylinux2014",
//   "requirement_constraints": [],
//   "only_binary": [],
//   "no_binary": []
// }
// --- END PANTS LOCKFILE METADATA ---

{
  "allow_builds": true,
  "allow_prereleases": false,
  "allow_wheels": true,
  "build_isolation": true,
  "constraints": [],
  "locked_resolves": [
    {
      "locked_requirements": [
        {
          "artifacts": [
            {
              "algorithm": "sha256",
              "hash": "96650d9a4c651bc2a4991cf46f100973f656d69edc7faf91844e87fe627f7e96",
              "url": "https://files.pythonhosted.org/packages/e8/f0/91ef152fbdfafd4a1ad936d411125b28a0f3f817f006dc17106835d92f17/mypy-1.7.0-py3-none-any.whl"
            },
            {
              "algorithm": "sha256",
              "hash": "0e81ffd120ee24959b449b647c4b2fbfcf8acf3465e082b8d58fd6c4c2b27e46",
              "url": "https://files.pythonhosted.org/packages/02/6b/0c3ed92bb4909f04a5e5eaf828f980dcb25d069933d6b387c8f5020b6384/mypy-1.7.0-cp311-cp311-musllinux_1_1_x86_64.whl"
            },
            {
              "algorithm": "sha256",
              "hash": "bf7a2f0a6907f231d5e41adba1a82d7d88cf1f61a70335889412dec99feeb0f8",
              "url": "https://files.pythonhosted.org/packages/0b/ad/1fe4b7856c778fee5ce923e81f279a553f6ad8ee9f365ec6bb2d6d5c056a/mypy-1.7.0-cp39-cp39-macosx_11_0_arm64.whl"
            },
            {
              "algorithm": "sha256",
              "hash": "c1b06b4b109e342f7dccc9efda965fc3970a604db70f8560ddfdee7ef19afb05",
              "url": "https://files.pythonhosted.org/packages/0f/ae/6cbe1b93fef3b0e3b7b26df4a9f8f840f6fdfc46da87f56fa4447a3135cd/mypy-1.7.0-cp39-cp39-macosx_10_9_x86_64.whl"
            },
            {
              "algorithm": "sha256",
              "hash": "b633f188fc5ae1b6edca39dae566974d7ef4e9aaaae00bc36efe1f855e5173ac",
              "url": "https://files.pythonhosted.org/packages/10/7d/3a4f97b5d4f8c22ae04ff8fc730d779dbddbec5734f0e51e041a622f7f63/mypy-1.7.0-cp310-cp310-manylinux_2_17_x86_64.manylinux2014_x86_64.whl"
            },
            {
              "algorithm": "sha256",
              "hash": "fc9fe455ad58a20ec68599139ed1113b21f977b536a91b42bef3ffed5cce7391",
              "url": "https://files.pythonhosted.org/packages/10/f1/498e3782f997200d6525ef114dcb7a67ba84f48eeef772b984704fc7ceb4/mypy-1.7.0-cp38-cp38-manylinux_2_17_x86_64.manylinux2014_x86_64.whl"
            },
            {
              "algorithm": "sha256",
              "hash": "185cff9b9a7fec1f9f7d8352dff8a4c713b2e3eea9c6c4b5ff7f0edf46b91e41",
              "url": "https://files.pythonhosted.org/packages/36/41/bd8e7087ac2d837d00b50defbb25e48f4acad407f811e7ba1409244bb0bf/mypy-1.7.0-cp38-cp38-macosx_10_9_x86_64.whl"
            },
            {
              "algorithm": "sha256",
              "hash": "d93e76c2256aa50d9c82a88e2f569232e9862c9982095f6d54e13509f01222fc",
              "url": "https://files.pythonhosted.org/packages/36/65/2164a0556f43cb1a7707c58999915a87bc40b23a2058740ed9312ff644bc/mypy-1.7.0-cp312-cp312-manylinux_2_17_x86_64.manylinux2014_x86_64.whl"
            },
            {
              "algorithm": "sha256",
              "hash": "a79cdc12a02eb526d808a32a934c6fe6df07b05f3573d210e41808020aed8b5d",
              "url": "https://files.pythonhosted.org/packages/41/6e/f54b63169cd45a37f5b1c08c6c16b556d80a617073a624d2e713b92583a2/mypy-1.7.0-cp311-cp311-macosx_11_0_arm64.whl"
            },
            {
              "algorithm": "sha256",
              "hash": "87c076c174e2c7ef8ab416c4e252d94c08cd4980a10967754f91571070bf5fbe",
              "url": "https://files.pythonhosted.org/packages/43/8a/6994b778cf9e16593792aeaf3ad429f952b357d34578b0a9370dcdba2d69/mypy-1.7.0-cp312-cp312-macosx_10_9_x86_64.whl"
            },
            {
              "algorithm": "sha256",
              "hash": "f65f385a6f43211effe8c682e8ec3f55d79391f70a201575def73d08db68ead1",
              "url": "https://files.pythonhosted.org/packages/5d/67/7b6cb695051a3165a9b821e527706858cdad40911d8bbbf6c5697d5daa42/mypy-1.7.0-cp311-cp311-manylinux_2_17_x86_64.manylinux2014_x86_64.whl"
            },
            {
              "algorithm": "sha256",
              "hash": "551d4a0cdcbd1d2cccdcc7cb516bb4ae888794929f5b040bb51aae1846062901",
              "url": "https://files.pythonhosted.org/packages/65/40/c2acf79897e8e2f2070f9dc1d58888657ed1b140c2e71e06f1c7a621b27b/mypy-1.7.0-cp39-cp39-manylinux_2_17_x86_64.manylinux2014_x86_64.whl"
            },
            {
              "algorithm": "sha256",
              "hash": "d0fa29919d2e720c8dbaf07d5578f93d7b313c3e9954c8ec05b6d83da592e5d9",
              "url": "https://files.pythonhosted.org/packages/68/af/0173719000e9c6e2a1075d9509384904885ab21301f2ac6c8551a1c35cca/mypy-1.7.0-cp38-cp38-musllinux_1_1_x86_64.whl"
            },
            {
              "algorithm": "sha256",
              "hash": "1e280b5697202efa698372d2f39e9a6713a0395a756b1c6bd48995f8d72690dc",
              "url": "https://files.pythonhosted.org/packages/71/c8/dd3bee454333df813c97938a64c516e838ca5bc17ef35a74ceeb0f31869d/mypy-1.7.0.tar.gz"
            },
            {
              "algorithm": "sha256",
              "hash": "6cb8d5f6d0fcd9e708bb190b224089e45902cacef6f6915481806b0c77f7786d",
              "url": "https://files.pythonhosted.org/packages/78/ad/2b1159c5165147556a4468edd7dff43f71ade3d90c6dd7971a304fcdc9ce/mypy-1.7.0-cp312-cp312-macosx_11_0_arm64.whl"
            },
            {
              "algorithm": "sha256",
              "hash": "cddee95dea7990e2215576fae95f6b78a8c12f4c089d7e4367564704e99118d3",
              "url": "https://files.pythonhosted.org/packages/84/88/4a28c79315fd11f37447644fc316daf9d302bd87b4d75e6ce646724e253e/mypy-1.7.0-cp312-cp312-musllinux_1_1_x86_64.whl"
            },
            {
              "algorithm": "sha256",
              "hash": "55d28d7963bef00c330cb6461db80b0b72afe2f3c4e2963c99517cf06454e665",
              "url": "https://files.pythonhosted.org/packages/9a/a6/c3ac417f44e56c189342b970c2d4e5451a25dbe444d34d78b03f88d0a9b5/mypy-1.7.0-cp39-cp39-musllinux_1_1_x86_64.whl"
            },
            {
              "algorithm": "sha256",
              "hash": "d6ed9a3997b90c6f891138e3f83fb8f475c74db4ccaa942a1c7bf99e83a989a1",
              "url": "https://files.pythonhosted.org/packages/9e/33/c030115aad2bdfec08b49f4d8f89034c65622d2eb1a522cea14d0082bef8/mypy-1.7.0-cp310-cp310-musllinux_1_1_x86_64.whl"
            },
            {
              "algorithm": "sha256",
              "hash": "df67fbeb666ee8828f675fee724cc2cbd2e4828cc3df56703e02fe6a421b7401",
              "url": "https://files.pythonhosted.org/packages/af/0d/60b9ea5674c96efa4064bc0a9e11088f3ce238747ac70d0299451465c37c/mypy-1.7.0-cp311-cp311-macosx_10_9_x86_64.whl"
            },
            {
              "algorithm": "sha256",
              "hash": "a3637c03f4025f6405737570d6cbfa4f1400eb3c649317634d273687a09ffc2f",
              "url": "https://files.pythonhosted.org/packages/c6/20/f25ced189f0cf15bcdb4b63b461b177ed3370d08b3603d038b8d6dfcdc1e/mypy-1.7.0-cp310-cp310-macosx_11_0_arm64.whl"
            },
            {
              "algorithm": "sha256",
              "hash": "5da84d7bf257fd8f66b4f759a904fd2c5a765f70d8b52dde62b521972a0a2357",
              "url": "https://files.pythonhosted.org/packages/d3/eb/0ae996945a220bd65884e1c92e73d1c9e983e3474b31d006347d1052e12a/mypy-1.7.0-cp310-cp310-macosx_10_9_x86_64.whl"
            },
            {
              "algorithm": "sha256",
              "hash": "7a7b1e399c47b18feb6f8ad4a3eef3813e28c1e871ea7d4ea5d444b2ac03c418",
              "url": "https://files.pythonhosted.org/packages/ef/47/5e9f8a602f41c6928e48c445bb84b9c4f847f90e246550f653f9d00a2168/mypy-1.7.0-cp38-cp38-macosx_11_0_arm64.whl"
            }
          ],
          "project_name": "mypy",
          "requires_dists": [
            "lxml; extra == \"reports\"",
            "mypy-extensions>=1.0.0",
            "pip; extra == \"install-types\"",
            "psutil>=4.0; extra == \"dmypy\"",
            "setuptools>=50; extra == \"mypyc\"",
            "tomli>=1.1.0; python_version < \"3.11\"",
            "typing-extensions>=4.1.0"
          ],
          "requires_python": ">=3.8",
          "version": "1.7.0"
        },
        {
          "artifacts": [
            {
              "algorithm": "sha256",
              "hash": "4392f6c0eb8a5668a69e23d168ffa70f0be9ccfd32b5cc2d26a34ae5b844552d",
              "url": "https://files.pythonhosted.org/packages/2a/e2/5d3f6ada4297caebe1a2add3b126fe800c96f56dbe5d1988a2cbe0b267aa/mypy_extensions-1.0.0-py3-none-any.whl"
            },
            {
              "algorithm": "sha256",
              "hash": "75dbf8955dc00442a438fc4d0666508a9a97b6bd41aa2f0ffe9d2f2725af0782",
              "url": "https://files.pythonhosted.org/packages/98/a4/1ab47638b92648243faf97a5aeb6ea83059cc3624972ab6b8d2316078d3f/mypy_extensions-1.0.0.tar.gz"
            }
          ],
          "project_name": "mypy-extensions",
          "requires_dists": [],
          "requires_python": ">=3.5",
          "version": "1.0.0"
        },
        {
          "artifacts": [
            {
              "algorithm": "sha256",
              "hash": "939de3e7a6161af0c887ef91b7d41a53e7c5a1ca976325f429cb46ea9bc30ecc",
              "url": "https://files.pythonhosted.org/packages/97/75/10a9ebee3fd790d20926a90a2547f0bf78f371b2f13aa822c759680ca7b9/tomli-2.0.1-py3-none-any.whl"
            },
            {
              "algorithm": "sha256",
              "hash": "de526c12914f0c550d15924c62d72abc48d6fe7364aa87328337a31007fe8a4f",
              "url": "https://files.pythonhosted.org/packages/c0/3f/d7af728f075fb08564c5949a9c95e44352e23dee646869fa104a3b2060a3/tomli-2.0.1.tar.gz"
            }
          ],
          "project_name": "tomli",
          "requires_dists": [],
          "requires_python": ">=3.7",
          "version": "2.0.1"
        },
        {
          "artifacts": [
            {
              "algorithm": "sha256",
              "hash": "c05bc6c158facb0676674b7f11fe3960db4f389718e19e62bd2b84d6205cfd24",
              "url": "https://files.pythonhosted.org/packages/9d/df/aabb870a04254ceb8a406b0a4222c1b14f7fdf3d2d7633ba49364aca27f3/types_PyYAML-6.0.12.12-py3-none-any.whl"
            },
            {
              "algorithm": "sha256",
              "hash": "334373d392fde0fdf95af5c3f1661885fa10c52167b14593eb856289e1855062",
              "url": "https://files.pythonhosted.org/packages/af/48/b3bbe63a129a80911b60f57929c5b243af909bc1c9590917434bca61a4a3/types-PyYAML-6.0.12.12.tar.gz"
            }
          ],
          "project_name": "types-pyyaml",
          "requires_dists": [],
          "requires_python": null,
          "version": "6.0.12.12"
        },
        {
          "artifacts": [
            {
              "algorithm": "sha256",
              "hash": "b32b9a86beffa876c0c3ac99a4cd3b8b51e973fb8e3bd4e0a6bb32c7efad80fc",
              "url": "https://files.pythonhosted.org/packages/1d/d6/1281c1d7b03a127562d6644ebff081e85045f0025b1fe26dcdd82811ad1a/types_requests-2.31.0.10-py3-none-any.whl"
            },
            {
              "algorithm": "sha256",
              "hash": "dc5852a76f1eaf60eafa81a2e50aefa3d1f015c34cf0cba130930866b1b22a92",
              "url": "https://files.pythonhosted.org/packages/0d/a0/578870e05da99902bf6b75bc37f845cc359bb0278eb0d926c6f3f10bb869/types-requests-2.31.0.10.tar.gz"
            }
          ],
          "project_name": "types-requests",
          "requires_dists": [
            "urllib3>=2"
          ],
          "requires_python": ">=3.7",
          "version": "2.31.0.10"
        },
        {
          "artifacts": [
            {
              "algorithm": "sha256",
              "hash": "8f92fc8806f9a6b641eaa5318da32b44d401efaac0f6678c9bc448ba3605faa0",
              "url": "https://files.pythonhosted.org/packages/24/21/7d397a4b7934ff4028987914ac1044d3b7d52712f30e2ac7a2ae5bc86dd0/typing_extensions-4.8.0-py3-none-any.whl"
            },
            {
              "algorithm": "sha256",
              "hash": "df8e4339e9cb77357558cbdbceca33c303714cf861d1eef15e1070055ae8b7ef",
              "url": "https://files.pythonhosted.org/packages/1f/7a/8b94bb016069caa12fc9f587b28080ac33b4fbb8ca369b98bc0a4828543e/typing_extensions-4.8.0.tar.gz"
            }
          ],
          "project_name": "typing-extensions",
          "requires_dists": [],
          "requires_python": ">=3.8",
          "version": "4.8.0"
        },
        {
          "artifacts": [
            {
              "algorithm": "sha256",
              "hash": "fdb6d215c776278489906c2f8916e6e7d4f5a9b602ccbcfdf7f016fc8da0596e",
              "url": "https://files.pythonhosted.org/packages/d2/b2/b157855192a68541a91ba7b2bbcb91f1b4faa51f8bae38d8005c034be524/urllib3-2.0.7-py3-none-any.whl"
            },
            {
              "algorithm": "sha256",
              "hash": "c97dfde1f7bd43a71c8d2a58e369e9b2bf692d1334ea9f9cae55add7d0dd0f84",
              "url": "https://files.pythonhosted.org/packages/af/47/b215df9f71b4fdba1025fc05a77db2ad243fa0926755a52c5e71659f4e3c/urllib3-2.0.7.tar.gz"
            }
          ],
          "project_name": "urllib3",
          "requires_dists": [
            "brotli>=1.0.9; platform_python_implementation == \"CPython\" and extra == \"brotli\"",
            "brotlicffi>=0.8.0; platform_python_implementation != \"CPython\" and extra == \"brotli\"",
            "certifi; extra == \"secure\"",
            "cryptography>=1.9; extra == \"secure\"",
            "idna>=2.0.0; extra == \"secure\"",
            "pyopenssl>=17.1.0; extra == \"secure\"",
            "pysocks!=1.5.7,<2.0,>=1.5.6; extra == \"socks\"",
            "urllib3-secure-extra; extra == \"secure\"",
            "zstandard>=0.18.0; extra == \"zstd\""
          ],
          "requires_python": ">=3.7",
          "version": "2.0.7"
        }
      ],
      "platform_tag": null
    }
  ],
  "path_mappings": {},
  "pex_version": "2.1.148",
  "pip_version": "23.1.2",
  "prefer_older_binary": false,
  "requirements": [
    "mypy>=1.5.0",
    "types-PyYAML",
    "types-requests"
  ],
  "requires_python": [
    ">=3.8"
  ],
  "resolver_version": "pip-2020-resolver",
  "style": "universal",
  "target_systems": [
    "linux",
    "mac"
  ],
  "transitive": true,
  "use_pep517": null
}
