// This lockfile was autogenerated by Pants. To regenerate, run:
//
//    ./pants generate-lockfiles --resolve=mypy
//
// --- BEGIN PANTS LOCKFILE METADATA: DO NOT EDIT OR REMOVE ---
// {
//   "version": 3,
//   "valid_for_interpreter_constraints": [
//     "CPython>=3.8"
//   ],
//   "generated_with_requirements": [
//     "mypy>=1.1.1"
//   ],
//   "manylinux": "manylinux2014",
//   "requirement_constraints": [],
//   "only_binary": [],
//   "no_binary": []
// }
// --- END PANTS LOCKFILE METADATA ---

{
  "allow_builds": true,
  "allow_prereleases": false,
  "allow_wheels": true,
  "build_isolation": true,
  "constraints": [],
  "locked_resolves": [
    {
      "locked_requirements": [
        {
          "artifacts": [
            {
              "algorithm": "sha256",
              "hash": "a8763e72d5d9574d45ce5881962bc8e9046bf7b375b0abf031f3e6811732a897",
              "url": "https://files.pythonhosted.org/packages/e3/f7/1fed3b24abb75f244fa6bc60ea03cd9d3d8ad225a4cfda7533042fe6d831/mypy-1.3.0-py3-none-any.whl"
            },
            {
              "algorithm": "sha256",
              "hash": "f9dca1e257d4cc129517779226753dbefb4f2266c4eaad610fc15c6a7e14283e",
              "url": "https://files.pythonhosted.org/packages/09/7b/8eb0d648352c61b08cb364d278b5c12c3f1c5841724fdd2929d7172b7eaf/mypy-1.3.0-cp39-cp39-musllinux_1_1_x86_64.whl"
            },
            {
              "algorithm": "sha256",
              "hash": "4c99c3ecf223cf2952638da9cd82793d8f3c0c5fa8b6ae2b2d9ed1e1ff51ba85",
              "url": "https://files.pythonhosted.org/packages/11/41/d24f93eefc89c650782bf1f9acfdb02a32f327b841058a5b0ce5857b60af/mypy-1.3.0-cp310-cp310-macosx_11_0_arm64.whl"
            },
            {
              "algorithm": "sha256",
              "hash": "6e33bb8b2613614a33dff70565f4c803f889ebd2f859466e42b46e1df76018dd",
              "url": "https://files.pythonhosted.org/packages/25/c7/4735f81858a727e170279144600881fe3299aa7589ed585af6b788ea4556/mypy-1.3.0-cp311-cp311-macosx_10_9_x86_64.whl"
            },
            {
              "algorithm": "sha256",
              "hash": "c1eb485cea53f4f5284e5baf92902cd0088b24984f4209e25981cc359d64448d",
              "url": "https://files.pythonhosted.org/packages/2b/27/4a26f91301804969194ee0dc9393843f10566d7fdf192ce11fc0218a989d/mypy-1.3.0-cp310-cp310-macosx_10_9_x86_64.whl"
            },
            {
              "algorithm": "sha256",
              "hash": "74bc9b6e0e79808bf8678d7678b2ae3736ea72d56eede3820bd3849823e7f305",
              "url": "https://files.pythonhosted.org/packages/3c/5d/b87339c1fdfec7d13899cd7ad2ee992801695114c1cf9e1645da264cd437/mypy-1.3.0-cp38-cp38-musllinux_1_1_x86_64.whl"
            },
            {
              "algorithm": "sha256",
              "hash": "ddae0f39ca146972ff6bb4399f3b2943884a774b8771ea0a8f50e971f5ea5ba8",
              "url": "https://files.pythonhosted.org/packages/4c/10/530d2df4d57f46f77b8211cf9bbe090baacff02e7076f21f1bf08148d541/mypy-1.3.0-cp39-cp39-macosx_10_9_x86_64.whl"
            },
            {
              "algorithm": "sha256",
              "hash": "cbc07246253b9e3d7d74c9ff948cd0fd7a71afcc2b77c7f0a59c26e9395cb152",
              "url": "https://files.pythonhosted.org/packages/55/e1/90487a3ea5a88b8f5c9d7fbf6f5fa7fcc8633d0132ce8364810a1da901c9/mypy-1.3.0-cp310-cp310-musllinux_1_1_x86_64.whl"
            },
            {
              "algorithm": "sha256",
              "hash": "7d23370d2a6b7a71dc65d1266f9a34e4cde9e8e21511322415db4b26f46f6b8c",
              "url": "https://files.pythonhosted.org/packages/6a/d0/4681d84878cecfd911752016ab30566366f6de7296fdc977b746eb68bf45/mypy-1.3.0-cp311-cp311-macosx_11_0_arm64.whl"
            },
            {
              "algorithm": "sha256",
              "hash": "6e42d29e324cdda61daaec2336c42512e59c7c375340bd202efa1fe0f7b8f8ca",
              "url": "https://files.pythonhosted.org/packages/6a/d9/48de5203f4b6287a98fadcc47072b1bc69e3faaa39cba59a3a600b05a42c/mypy-1.3.0-cp311-cp311-musllinux_1_1_x86_64.whl"
            },
            {
              "algorithm": "sha256",
              "hash": "658fe7b674769a0770d4b26cb4d6f005e88a442fe82446f020be8e5f5efb2fae",
              "url": "https://files.pythonhosted.org/packages/88/0e/646696eb8fe7658b752009a495054a0214ae8e659e9cbcde8181f16ae999/mypy-1.3.0-cp311-cp311-manylinux_2_17_x86_64.manylinux2014_x86_64.whl"
            },
            {
              "algorithm": "sha256",
              "hash": "550a8b3a19bb6589679a7c3c31f64312e7ff482a816c96e0cecec9ad3a7564dd",
              "url": "https://files.pythonhosted.org/packages/8d/c8/681f4a19c62aa71bdc9ad3a4bc9a0fb8846bd0b5a8bc1b29d261c8025f80/mypy-1.3.0-cp310-cp310-manylinux_2_17_x86_64.manylinux2014_x86_64.whl"
            },
            {
              "algorithm": "sha256",
              "hash": "c5d2cc54175bab47011b09688b418db71403aefad07cbcd62d44010543fc143f",
              "url": "https://files.pythonhosted.org/packages/b1/ce/8d87f684bb7e2a520cfa9cd17b8dc686a83143bb12a3e1ac4ad6d8d4825c/mypy-1.3.0-cp38-cp38-macosx_10_9_x86_64.whl"
            },
            {
              "algorithm": "sha256",
              "hash": "1c4c42c60a8103ead4c1c060ac3cdd3ff01e18fddce6f1016e08939647a0e703",
              "url": "https://files.pythonhosted.org/packages/b8/36/6628916f94bb0816e1719117e1962750413ab408f83673ce7d571caf3960/mypy-1.3.0-cp39-cp39-macosx_11_0_arm64.whl"
            },
            {
              "algorithm": "sha256",
              "hash": "e86c2c6852f62f8f2b24cb7a613ebe8e0c7dc1402c61d36a609174f63e0ff017",
              "url": "https://files.pythonhosted.org/packages/ba/ac/1c280246fc0c5239409f31e1a321f178ba11a9c6e5eaaf6d56f9ff627cdf/mypy-1.3.0-cp39-cp39-manylinux_2_17_x86_64.manylinux2014_x86_64.whl"
            },
            {
              "algorithm": "sha256",
              "hash": "87df44954c31d86df96c8bd6e80dfcd773473e877ac6176a8e29898bfb3501cb",
              "url": "https://files.pythonhosted.org/packages/c9/c5/f3e4ed59e08e3a728a15da198317edfcd13b7dc2215d52b5d85fce716285/mypy-1.3.0-cp38-cp38-macosx_11_0_arm64.whl"
            },
            {
              "algorithm": "sha256",
              "hash": "473117e310febe632ddf10e745a355714e771ffe534f06db40702775056614c4",
              "url": "https://files.pythonhosted.org/packages/d8/c6/de2e214a42b63d7ea0abef9f02a6da69cad6d532165bb7a8cc8291099a0c/mypy-1.3.0-cp38-cp38-manylinux_2_17_x86_64.manylinux2014_x86_64.whl"
            },
            {
              "algorithm": "sha256",
              "hash": "e1f4d16e296f5135624b34e8fb741eb0eadedca90862405b1f1fde2040b9bd11",
              "url": "https://files.pythonhosted.org/packages/f9/88/3bfe07521fb9e74b449cbc4367434067ec70bfd8a24c652fa3e0f9597389/mypy-1.3.0.tar.gz"
            }
          ],
          "project_name": "mypy",
          "requires_dists": [
            "lxml; extra == \"reports\"",
            "mypy-extensions>=1.0.0",
            "pip; extra == \"install-types\"",
            "psutil>=4.0; extra == \"dmypy\"",
            "tomli>=1.1.0; python_version < \"3.11\"",
            "typed-ast<2,>=1.4.0; extra == \"python2\"",
            "typed-ast<2,>=1.4.0; python_version < \"3.8\"",
            "typing-extensions>=3.10"
          ],
          "requires_python": ">=3.7",
          "version": "1.3.0"
        },
        {
          "artifacts": [
            {
              "algorithm": "sha256",
              "hash": "4392f6c0eb8a5668a69e23d168ffa70f0be9ccfd32b5cc2d26a34ae5b844552d",
              "url": "https://files.pythonhosted.org/packages/2a/e2/5d3f6ada4297caebe1a2add3b126fe800c96f56dbe5d1988a2cbe0b267aa/mypy_extensions-1.0.0-py3-none-any.whl"
            },
            {
              "algorithm": "sha256",
              "hash": "75dbf8955dc00442a438fc4d0666508a9a97b6bd41aa2f0ffe9d2f2725af0782",
              "url": "https://files.pythonhosted.org/packages/98/a4/1ab47638b92648243faf97a5aeb6ea83059cc3624972ab6b8d2316078d3f/mypy_extensions-1.0.0.tar.gz"
            }
          ],
          "project_name": "mypy-extensions",
          "requires_dists": [],
          "requires_python": ">=3.5",
          "version": "1.0.0"
        },
        {
          "artifacts": [
            {
              "algorithm": "sha256",
              "hash": "939de3e7a6161af0c887ef91b7d41a53e7c5a1ca976325f429cb46ea9bc30ecc",
              "url": "https://files.pythonhosted.org/packages/97/75/10a9ebee3fd790d20926a90a2547f0bf78f371b2f13aa822c759680ca7b9/tomli-2.0.1-py3-none-any.whl"
            },
            {
              "algorithm": "sha256",
              "hash": "de526c12914f0c550d15924c62d72abc48d6fe7364aa87328337a31007fe8a4f",
              "url": "https://files.pythonhosted.org/packages/c0/3f/d7af728f075fb08564c5949a9c95e44352e23dee646869fa104a3b2060a3/tomli-2.0.1.tar.gz"
            }
          ],
          "project_name": "tomli",
          "requires_dists": [],
          "requires_python": ">=3.7",
          "version": "2.0.1"
        },
        {
          "artifacts": [
            {
              "algorithm": "sha256",
              "hash": "fb33085c39dd998ac16d1431ebc293a8b3eedd00fd4a32de0ff79002c19511b4",
              "url": "https://files.pythonhosted.org/packages/31/25/5abcd82372d3d4a3932e1fa8c3dbf9efac10cc7c0d16e78467460571b404/typing_extensions-4.5.0-py3-none-any.whl"
            },
            {
              "algorithm": "sha256",
              "hash": "5cb5f4a79139d699607b3ef622a1dedafa84e115ab0024e0d9c044a9479ca7cb",
              "url": "https://files.pythonhosted.org/packages/d3/20/06270dac7316220643c32ae61694e451c98f8caf4c8eab3aa80a2bedf0df/typing_extensions-4.5.0.tar.gz"
            }
          ],
          "project_name": "typing-extensions",
          "requires_dists": [],
          "requires_python": ">=3.7",
          "version": "4.5.0"
        }
      ],
      "platform_tag": null
    }
  ],
  "path_mappings": {},
  "pex_version": "2.1.134",
  "pip_version": "20.3.4-patched",
  "prefer_older_binary": false,
  "requirements": [
    "mypy>=1.1.1"
  ],
  "requires_python": [
    ">=3.8"
  ],
  "resolver_version": "pip-2020-resolver",
  "style": "universal",
  "target_systems": [
    "linux",
    "mac"
  ],
  "transitive": true,
  "use_pep517": null
}
